{
  "name": "stable-test-runner",
  "lockfileVersion": 2,
  "requires": true,
  "packages": {
    "": {
      "dependencies": {
        "@playwright/test": "1.49.0-alpha-2024-10-30"
      }
    },
    "node_modules/@playwright/test": {
      "version": "1.49.0-alpha-2024-10-30",
      "resolved": "https://registry.npmjs.org/@playwright/test/-/test-1.49.0-alpha-2024-10-30.tgz",
      "integrity": "sha512-7pq4a+eDCkp6VmGGpr6KanL0gQ2SunC9dAjtP+VZLobdaY0ZL7XkmD2rL8UNANF2AkmKdOf+GmTS+wZ42qhvLg==",
      "dependencies": {
        "playwright": "1.49.0-alpha-2024-10-30"
      },
      "bin": {
        "playwright": "cli.js"
      },
      "engines": {
        "node": ">=18"
      }
    },
    "node_modules/fsevents": {
      "version": "2.3.2",
      "resolved": "https://registry.npmjs.org/fsevents/-/fsevents-2.3.2.tgz",
      "integrity": "sha512-xiqMQR4xAeHTuB9uWm+fFRcIOgKBMiOBP+eXiyT7jsgVCq1bkVygt00oASowB7EdtpOHaaPgKt812P9ab+DDKA==",
      "hasInstallScript": true,
      "optional": true,
      "os": [
        "darwin"
      ],
      "engines": {
        "node": "^8.16.0 || ^10.6.0 || >=11.0.0"
      }
    },
    "node_modules/playwright": {
      "version": "1.49.0-alpha-2024-10-30",
      "resolved": "https://registry.npmjs.org/playwright/-/playwright-1.49.0-alpha-2024-10-30.tgz",
      "integrity": "sha512-OJ++0IaaTyBHZuPMi7kNZ/ssyRvN4Fkh7NCpYBRyfPL8H90bEVwDe7j4Ab79HMBLxUZMg7D7aRIlimmYmVdbpQ==",
      "dependencies": {
        "playwright-core": "1.49.0-alpha-2024-10-30"
      },
      "bin": {
        "playwright": "cli.js"
      },
      "engines": {
        "node": ">=18"
      },
      "optionalDependencies": {
        "fsevents": "2.3.2"
      }
    },
    "node_modules/playwright-core": {
      "version": "1.49.0-alpha-2024-10-30",
      "resolved": "https://registry.npmjs.org/playwright-core/-/playwright-core-1.49.0-alpha-2024-10-30.tgz",
      "integrity": "sha512-T1KDI5SQPqzVIahMOpCX7GE2Slv/5KEM+gSnj5mQZDi57Z8Ij5xnGz6ZX4KBdDrmkBRHLrRM4ijXfH1Q7zNkEg==",
      "bin": {
        "playwright-core": "cli.js"
      },
      "engines": {
        "node": ">=18"
      }
    }
  },
  "dependencies": {
    "@playwright/test": {
      "version": "1.49.0-alpha-2024-10-30",
      "resolved": "https://registry.npmjs.org/@playwright/test/-/test-1.49.0-alpha-2024-10-30.tgz",
      "integrity": "sha512-7pq4a+eDCkp6VmGGpr6KanL0gQ2SunC9dAjtP+VZLobdaY0ZL7XkmD2rL8UNANF2AkmKdOf+GmTS+wZ42qhvLg==",
      "requires": {
        "playwright": "1.49.0-alpha-2024-10-30"
      }
    },
    "fsevents": {
      "version": "2.3.2",
      "resolved": "https://registry.npmjs.org/fsevents/-/fsevents-2.3.2.tgz",
      "integrity": "sha512-xiqMQR4xAeHTuB9uWm+fFRcIOgKBMiOBP+eXiyT7jsgVCq1bkVygt00oASowB7EdtpOHaaPgKt812P9ab+DDKA==",
      "optional": true
    },
    "playwright": {
      "version": "1.49.0-alpha-2024-10-30",
      "resolved": "https://registry.npmjs.org/playwright/-/playwright-1.49.0-alpha-2024-10-30.tgz",
      "integrity": "sha512-OJ++0IaaTyBHZuPMi7kNZ/ssyRvN4Fkh7NCpYBRyfPL8H90bEVwDe7j4Ab79HMBLxUZMg7D7aRIlimmYmVdbpQ==",
      "requires": {
        "fsevents": "2.3.2",
        "playwright-core": "1.49.0-alpha-2024-10-30"
      }
    },
    "playwright-core": {
      "version": "1.49.0-alpha-2024-10-30",
      "resolved": "https://registry.npmjs.org/playwright-core/-/playwright-core-1.49.0-alpha-2024-10-30.tgz",
      "integrity": "sha512-T1KDI5SQPqzVIahMOpCX7GE2Slv/5KEM+gSnj5mQZDi57Z8Ij5xnGz6ZX4KBdDrmkBRHLrRM4ijXfH1Q7zNkEg=="
    }
  }
}
