{
  "name": "stable-test-runner",
  "lockfileVersion": 3,
  "requires": true,
  "packages": {
    "": {
      "dependencies": {
        "@playwright/test": "^1.59.0-alpha-2026-02-02"
      }
    },
    "node_modules/@playwright/test": {
      "version": "1.59.0-alpha-2026-02-02",
      "resolved": "https://registry.npmjs.org/@playwright/test/-/test-1.59.0-alpha-2026-02-02.tgz",
      "integrity": "sha512-QDfuDaMDVo2zEZS3HcMgrxFfsLW2O1EN9P1TrH/DR7GqCDr5FYYyLiIaBR4WwunVHBbMyIVweWdNux1o61T04Q==",
      "license": "Apache-2.0",
      "dependencies": {
        "playwright": "1.59.0-alpha-2026-02-02"
      },
      "bin": {
        "playwright": "cli.js"
      },
      "engines": {
        "node": ">=18"
      }
    },
    "node_modules/fsevents": {
      "version": "2.3.2",
      "resolved": "https://registry.npmjs.org/fsevents/-/fsevents-2.3.2.tgz",
      "integrity": "sha512-xiqMQR4xAeHTuB9uWm+fFRcIOgKBMiOBP+eXiyT7jsgVCq1bkVygt00oASowB7EdtpOHaaPgKt812P9ab+DDKA==",
      "hasInstallScript": true,
      "license": "MIT",
      "optional": true,
      "os": [
        "darwin"
      ],
      "engines": {
        "node": "^8.16.0 || ^10.6.0 || >=11.0.0"
      }
    },
    "node_modules/playwright": {
      "version": "1.59.0-alpha-2026-02-02",
      "resolved": "https://registry.npmjs.org/playwright/-/playwright-1.59.0-alpha-2026-02-02.tgz",
      "integrity": "sha512-LfsysexHUjEfOsjmacP9uAI0582iTHqoRRLo5tuXhKju3nLhvXJpD/r2o6ixcrRWKPNYzsl6jYTsT6f8bzgpOw==",
      "license": "Apache-2.0",
      "dependencies": {
        "playwright-core": "1.59.0-alpha-2026-02-02"
      },
      "bin": {
        "playwright": "cli.js"
      },
      "engines": {
        "node": ">=18"
      },
      "optionalDependencies": {
        "fsevents": "2.3.2"
      }
    },
    "node_modules/playwright-core": {
      "version": "1.59.0-alpha-2026-02-02",
      "resolved": "https://registry.npmjs.org/playwright-core/-/playwright-core-1.59.0-alpha-2026-02-02.tgz",
      "integrity": "sha512-psEHfRPTXtic1tM2MsvWhqsv5DTxamMMPAsiJB3HchR+tai25kWPFXw/Gi8VYqt3l5ou+1BNkYk7G4P5LSWR6w==",
      "license": "Apache-2.0",
      "bin": {
        "playwright-core": "cli.js"
      },
      "engines": {
        "node": ">=18"
      }
    }
  }
}
