{
  "name": "stable-test-runner",
  "lockfileVersion": 2,
  "requires": true,
  "packages": {
    "": {
      "dependencies": {
        "@playwright/test": "1.49.0-alpha-2024-10-26"
      }
    },
    "node_modules/@playwright/test": {
      "version": "1.49.0-alpha-2024-10-26",
      "resolved": "https://registry.npmjs.org/@playwright/test/-/test-1.49.0-alpha-2024-10-26.tgz",
      "integrity": "sha512-EUl8wIsAWVJJlX2ynKdY1KxRs44Yz9MPDmN8AH6HIdwazSRe1ML46kaM3V49gQvMVMo5JZfuXnRzbtYDMFpKYA==",
      "dependencies": {
        "playwright": "1.49.0-alpha-2024-10-26"
      },
      "bin": {
        "playwright": "cli.js"
      },
      "engines": {
        "node": ">=18"
      }
    },
    "node_modules/fsevents": {
      "version": "2.3.2",
      "resolved": "https://registry.npmjs.org/fsevents/-/fsevents-2.3.2.tgz",
      "integrity": "sha512-xiqMQR4xAeHTuB9uWm+fFRcIOgKBMiOBP+eXiyT7jsgVCq1bkVygt00oASowB7EdtpOHaaPgKt812P9ab+DDKA==",
      "hasInstallScript": true,
      "optional": true,
      "os": [
        "darwin"
      ],
      "engines": {
        "node": "^8.16.0 || ^10.6.0 || >=11.0.0"
      }
    },
    "node_modules/playwright": {
      "version": "1.49.0-alpha-2024-10-26",
      "resolved": "https://registry.npmjs.org/playwright/-/playwright-1.49.0-alpha-2024-10-26.tgz",
      "integrity": "sha512-1qh/6z4UdWv7qMocNQmUMbvZAXzzS93jckUzjGr0mWMn9rs4QavHhuK0s2HIS0hLB+t5T1+NBUpHudWzeasudA==",
      "dependencies": {
        "playwright-core": "1.49.0-alpha-2024-10-26"
      },
      "bin": {
        "playwright": "cli.js"
      },
      "engines": {
        "node": ">=18"
      },
      "optionalDependencies": {
        "fsevents": "2.3.2"
      }
    },
    "node_modules/playwright-core": {
      "version": "1.49.0-alpha-2024-10-26",
      "resolved": "https://registry.npmjs.org/playwright-core/-/playwright-core-1.49.0-alpha-2024-10-26.tgz",
      "integrity": "sha512-ELIdRRHkdzkHP7siPcFSE9jBLRnDHE1l3UigIgEzVN9o34yGBgH8TAkC2uK1M8Jrkomc3jKQm5faiBsimu0XEQ==",
      "bin": {
        "playwright-core": "cli.js"
      },
      "engines": {
        "node": ">=18"
      }
    }
  },
  "dependencies": {
    "@playwright/test": {
      "version": "1.49.0-alpha-2024-10-26",
      "resolved": "https://registry.npmjs.org/@playwright/test/-/test-1.49.0-alpha-2024-10-26.tgz",
      "integrity": "sha512-EUl8wIsAWVJJlX2ynKdY1KxRs44Yz9MPDmN8AH6HIdwazSRe1ML46kaM3V49gQvMVMo5JZfuXnRzbtYDMFpKYA==",
      "requires": {
        "playwright": "1.49.0-alpha-2024-10-26"
      }
    },
    "fsevents": {
      "version": "2.3.2",
      "resolved": "https://registry.npmjs.org/fsevents/-/fsevents-2.3.2.tgz",
      "integrity": "sha512-xiqMQR4xAeHTuB9uWm+fFRcIOgKBMiOBP+eXiyT7jsgVCq1bkVygt00oASowB7EdtpOHaaPgKt812P9ab+DDKA==",
      "optional": true
    },
    "playwright": {
      "version": "1.49.0-alpha-2024-10-26",
      "resolved": "https://registry.npmjs.org/playwright/-/playwright-1.49.0-alpha-2024-10-26.tgz",
      "integrity": "sha512-1qh/6z4UdWv7qMocNQmUMbvZAXzzS93jckUzjGr0mWMn9rs4QavHhuK0s2HIS0hLB+t5T1+NBUpHudWzeasudA==",
      "requires": {
        "fsevents": "2.3.2",
        "playwright-core": "1.49.0-alpha-2024-10-26"
      }
    },
    "playwright-core": {
      "version": "1.49.0-alpha-2024-10-26",
      "resolved": "https://registry.npmjs.org/playwright-core/-/playwright-core-1.49.0-alpha-2024-10-26.tgz",
      "integrity": "sha512-ELIdRRHkdzkHP7siPcFSE9jBLRnDHE1l3UigIgEzVN9o34yGBgH8TAkC2uK1M8Jrkomc3jKQm5faiBsimu0XEQ=="
    }
  }
}
